
Microsoft Visual Studio Solution File, Format Version 12.00
# Visual Studio 15
VisualStudioVersion = 15.0.27703.2026
MinimumVisualStudioVersion = 10.0.40219.1
Project("{FAE04EC0-301F-11D3-BF4B-00C04F79EFBC}") = "BestSign.Console", "BestSign.Console\BestSign.Console.csproj", "{118EDA8A-A195-43B5-8F98-230F94252E98}"
EndProject
Project("{FAE04EC0-301F-11D3-BF4B-00C04F79EFBC}") = "BestSign.SDK", "BestSign.SDK\BestSign.SDK.csproj", "{FED78C80-95C3-4B5D-8481-DE5437DAFA7B}"
EndProject
Project("{FAE04EC0-301F-11D3-BF4B-00C04F79EFBC}") = "BestSign.Common", "BestSign.Common\BestSign.Common.csproj", "{01E39100-1273-4B2E-96C6-4ED315C882A8}"
EndProject
Global
	GlobalSection(SolutionConfigurationPlatforms) = preSolution
		Debug|Any CPU = Debug|Any CPU
		Release|Any CPU = Release|Any CPU
	EndGlobalSection
	GlobalSection(ProjectConfigurationPlatforms) = postSolution
		{118EDA8A-A195-43B5-8F98-230F94252E98}.Debug|Any CPU.ActiveCfg = Debug|Any CPU
		{118EDA8A-A195-43B5-8F98-230F94252E98}.Debug|Any CPU.Build.0 = Debug|Any CPU
		{118EDA8A-A195-43B5-8F98-230F94252E98}.Release|Any CPU.ActiveCfg = Release|Any CPU
		{118EDA8A-A195-43B5-8F98-230F94252E98}.Release|Any CPU.Build.0 = Release|Any CPU
		{FED78C80-95C3-4B5D-8481-DE5437DAFA7B}.Debug|Any CPU.ActiveCfg = Debug|Any CPU
		{FED78C80-95C3-4B5D-8481-DE5437DAFA7B}.Debug|Any CPU.Build.0 = Debug|Any CPU
		{FED78C80-95C3-4B5D-8481-DE5437DAFA7B}.Release|Any CPU.ActiveCfg = Release|Any CPU
		{FED78C80-95C3-4B5D-8481-DE5437DAFA7B}.Release|Any CPU.Build.0 = Release|Any CPU
		{01E39100-1273-4B2E-96C6-4ED315C882A8}.Debug|Any CPU.ActiveCfg = Debug|Any CPU
		{01E39100-1273-4B2E-96C6-4ED315C882A8}.Debug|Any CPU.Build.0 = Debug|Any CPU
		{01E39100-1273-4B2E-96C6-4ED315C882A8}.Release|Any CPU.ActiveCfg = Release|Any CPU
		{01E39100-1273-4B2E-96C6-4ED315C882A8}.Release|Any CPU.Build.0 = Release|Any CPU
	EndGlobalSection
	GlobalSection(SolutionProperties) = preSolution
		HideSolutionNode = FALSE
	EndGlobalSection
	GlobalSection(ExtensibilityGlobals) = postSolution
		SolutionGuid = {64989229-FECE-48DA-9124-A29B9D703050}
	EndGlobalSection
EndGlobal
